
Microsoft Visual Studio Solution File, Format Version 12.00
# Visual Studio Version 17
VisualStudioVersion = 17.14.36301.6
MinimumVisualStudioVersion = 10.0.40219.1
Project("{FAE04EC0-301F-11D3-BF4B-00C04F79EFBC}") = "ToteTracker", "ToteTracker\ToteTracker.csproj", "{F1E2A7E6-566B-4A32-A747-3208BD79E2D7}"
EndProject
Project("{FAE04EC0-301F-11D3-BF4B-00C04F79EFBC}") = "BoxSearch", "TrackTerminal\BoxSearch.csproj", "{34AFF6ED-BF45-4F39-9B0E-74B5FE3B878E}"
EndProject
Global
	GlobalSection(SolutionConfigurationPlatforms) = preSolution
		Debug|Any CPU = Debug|Any CPU
		Release|Any CPU = Release|Any CPU
	EndGlobalSection
	GlobalSection(ProjectConfigurationPlatforms) = postSolution
		{F1E2A7E6-566B-4A32-A747-3208BD79E2D7}.Debug|Any CPU.ActiveCfg = Debug|Any CPU
		{F1E2A7E6-566B-4A32-A747-3208BD79E2D7}.Debug|Any CPU.Build.0 = Debug|Any CPU
		{F1E2A7E6-566B-4A32-A747-3208BD79E2D7}.Release|Any CPU.ActiveCfg = Release|Any CPU
		{F1E2A7E6-566B-4A32-A747-3208BD79E2D7}.Release|Any CPU.Build.0 = Release|Any CPU
		{34AFF6ED-BF45-4F39-9B0E-74B5FE3B878E}.Debug|Any CPU.ActiveCfg = Debug|Any CPU
		{34AFF6ED-BF45-4F39-9B0E-74B5FE3B878E}.Debug|Any CPU.Build.0 = Debug|Any CPU
		{34AFF6ED-BF45-4F39-9B0E-74B5FE3B878E}.Release|Any CPU.ActiveCfg = Release|Any CPU
		{34AFF6ED-BF45-4F39-9B0E-74B5FE3B878E}.Release|Any CPU.Build.0 = Release|Any CPU
	EndGlobalSection
	GlobalSection(SolutionProperties) = preSolution
		HideSolutionNode = FALSE
	EndGlobalSection
	GlobalSection(ExtensibilityGlobals) = postSolution
		SolutionGuid = {4199FBD6-058A-4050-883C-BC0ABC7903AD}
	EndGlobalSection
EndGlobal
